# This file is automatically @generated by Cargo.
# It is not intended for manual editing.
[[package]]
name = "aiger"
version = "0.1.1"
source = "registry+https://github.com/rust-lang/crates.io-index"
checksum = "b64b87e065e987cacdb8887564303a967f58fbad7ac7c4cd7e1f943f955d0a4c"

[[package]]
name = "autocfg"
version = "1.0.0"
source = "registry+https://github.com/rust-lang/crates.io-index"
checksum = "f8aac770f1885fd7e387acedd76065302551364496e46b3dd00860b2f8359b9d"

[[package]]
name = "fixedbitset"
version = "0.2.0"
source = "registry+https://github.com/rust-lang/crates.io-index"
checksum = "37ab347416e802de484e4d03c7316c48f1ecb56574dfd4a46a80f173ce1de04d"

[[package]]
name = "hashbrown"
version = "0.8.2"
source = "registry+https://github.com/rust-lang/crates.io-index"
checksum = "e91b62f79061a0bc2e046024cb7ba44b08419ed238ecbd9adbd787434b9e8c25"
dependencies = [
 "autocfg",
]

[[package]]
name = "indexmap"
version = "1.5.1"
source = "registry+https://github.com/rust-lang/crates.io-index"
checksum = "86b45e59b16c76b11bf9738fd5d38879d3bd28ad292d7b313608becb17ae2df9"
dependencies = [
 "autocfg",
 "hashbrown",
]

[[package]]
name = "mignite"
version = "0.1.0"
dependencies = [
 "aiger",
 "petgraph",
]

[[package]]
name = "opt"
version = "0.1.0"
dependencies = [
 "mignite",
]

[[package]]
name = "petgraph"
version = "0.5.1"
source = "registry+https://github.com/rust-lang/crates.io-index"
checksum = "467d164a6de56270bd7c4d070df81d07beace25012d5103ced4e9ff08d6afdb7"
dependencies = [
 "fixedbitset",
 "indexmap",
]
